
Microsoft Visual Studio Solution File, Format Version 12.00
# Visual Studio Version 16
VisualStudioVersion = 16.0.32510.428
MinimumVisualStudioVersion = 10.0.40219.1
Project("{9A19103F-16F7-4668-BE54-9A1E7A4F7556}") = "MailClient", "MailClient\MailClient.csproj", "{097A6FC2-5DDF-4266-9C4F-02ABEFD9035A}"
EndProject
Project("{FAE04EC0-301F-11D3-BF4B-00C04F79EFBC}") = "MailServer", "MailServer\MailServer.csproj", "{18281815-217D-46FD-A582-4D9B75D40B00}"
EndProject
Project("{FAE04EC0-301F-11D3-BF4B-00C04F79EFBC}") = "Cryptography", "Cryptography\Cryptography.csproj", "{194E0210-9FB2-4886-B152-55079CFDC75F}"
EndProject
Global
	GlobalSection(SolutionConfigurationPlatforms) = preSolution
		Debug|Any CPU = Debug|Any CPU
		Release|Any CPU = Release|Any CPU
	EndGlobalSection
	GlobalSection(ProjectConfigurationPlatforms) = postSolution
		{097A6FC2-5DDF-4266-9C4F-02ABEFD9035A}.Debug|Any CPU.ActiveCfg = Debug|Any CPU
		{097A6FC2-5DDF-4266-9C4F-02ABEFD9035A}.Debug|Any CPU.Build.0 = Debug|Any CPU
		{097A6FC2-5DDF-4266-9C4F-02ABEFD9035A}.Release|Any CPU.ActiveCfg = Release|Any CPU
		{097A6FC2-5DDF-4266-9C4F-02ABEFD9035A}.Release|Any CPU.Build.0 = Release|Any CPU
		{18281815-217D-46FD-A582-4D9B75D40B00}.Debug|Any CPU.ActiveCfg = Debug|Any CPU
		{18281815-217D-46FD-A582-4D9B75D40B00}.Debug|Any CPU.Build.0 = Debug|Any CPU
		{18281815-217D-46FD-A582-4D9B75D40B00}.Release|Any CPU.ActiveCfg = Release|Any CPU
		{18281815-217D-46FD-A582-4D9B75D40B00}.Release|Any CPU.Build.0 = Release|Any CPU
		{194E0210-9FB2-4886-B152-55079CFDC75F}.Debug|Any CPU.ActiveCfg = Debug|Any CPU
		{194E0210-9FB2-4886-B152-55079CFDC75F}.Debug|Any CPU.Build.0 = Debug|Any CPU
		{194E0210-9FB2-4886-B152-55079CFDC75F}.Release|Any CPU.ActiveCfg = Release|Any CPU
		{194E0210-9FB2-4886-B152-55079CFDC75F}.Release|Any CPU.Build.0 = Release|Any CPU
	EndGlobalSection
	GlobalSection(SolutionProperties) = preSolution
		HideSolutionNode = FALSE
	EndGlobalSection
	GlobalSection(ExtensibilityGlobals) = postSolution
		SolutionGuid = {C3661DB1-AA47-40A7-AC8A-E7DA982AC287}
	EndGlobalSection
EndGlobal
